Microsoft Visual Studio Solution File, Format Version 12.00
# Visual Studio Version 17
VisualStudioVersion = 17.0.31903.59
MinimumVisualStudioVersion = 10.0.40219.1
Project("{FAE04EC0-301F-11D3-BF4B-00C04F79EFBC}") = "Domain", "Domain\Domain.csproj", "{9F57EDC8-7718-481D-8283-33F30233E729}"
EndProject
Project("{FAE04EC0-301F-11D3-BF4B-00C04F79EFBC}") = "App", "App\App.csproj", "{D734C7EA-D021-4B20-9D4A-F11B0D376B7E}"
EndProject
Global
	GlobalSection(SolutionConfigurationPlatforms) = preSolution
		Debug|Any CPU = Debug|Any CPU
		Release|Any CPU = Release|Any CPU
	EndGlobalSection
	GlobalSection(ProjectConfigurationPlatforms) = postSolution
		{9F57EDC8-7718-481D-8283-33F30233E729}.Debug|Any CPU.ActiveCfg = Debug|Any CPU
		{9F57EDC8-7718-481D-8283-33F30233E729}.Debug|Any CPU.Build.0 = Debug|Any CPU
		{9F57EDC8-7718-481D-8283-33F30233E729}.Release|Any CPU.ActiveCfg = Release|Any CPU
		{9F57EDC8-7718-481D-8283-33F30233E729}.Release|Any CPU.Build.0 = Release|Any CPU
		{D734C7EA-D021-4B20-9D4A-F11B0D376B7E}.Debug|Any CPU.ActiveCfg = Debug|Any CPU
		{D734C7EA-D021-4B20-9D4A-F11B0D376B7E}.Debug|Any CPU.Build.0 = Debug|Any CPU
		{D734C7EA-D021-4B20-9D4A-F11B0D376B7E}.Release|Any CPU.ActiveCfg = Release|Any CPU
		{D734C7EA-D021-4B20-9D4A-F11B0D376B7E}.Release|Any CPU.Build.0 = Release|Any CPU
	EndGlobalSection
EndGlobal
